
Microsoft Visual Studio Solution File, Format Version 12.00
# Visual Studio Version 16
VisualStudioVersion = 16.0.30517.126
MinimumVisualStudioVersion = 10.0.40219.1
Project("{FAE04EC0-301F-11D3-BF4B-00C04F79EFBC}") = "BookManagement", "BookManagement\BookManagement.csproj", "{233760BB-DD90-4EBA-9271-94F82F25083C}"
EndProject
Global
	GlobalSection(SolutionConfigurationPlatforms) = preSolution
		Debug|Any CPU = Debug|Any CPU
		Release|Any CPU = Release|Any CPU
	EndGlobalSection
	GlobalSection(ProjectConfigurationPlatforms) = postSolution
		{233760BB-DD90-4EBA-9271-94F82F25083C}.Debug|Any CPU.ActiveCfg = Debug|Any CPU
		{233760BB-DD90-4EBA-9271-94F82F25083C}.Debug|Any CPU.Build.0 = Debug|Any CPU
		{233760BB-DD90-4EBA-9271-94F82F25083C}.Release|Any CPU.ActiveCfg = Release|Any CPU
		{233760BB-DD90-4EBA-9271-94F82F25083C}.Release|Any CPU.Build.0 = Release|Any CPU
	EndGlobalSection
	GlobalSection(SolutionProperties) = preSolution
		HideSolutionNode = FALSE
	EndGlobalSection
	GlobalSection(ExtensibilityGlobals) = postSolution
		SolutionGuid = {5F9073B2-46DB-4F08-86EF-EBB628DE5B95}
	EndGlobalSection
EndGlobal
